
Microsoft Visual Studio Solution File, Format Version 12.00
# Visual Studio Version 16
VisualStudioVersion = 16.0.30011.22
MinimumVisualStudioVersion = 10.0.40219.1
Project("{888888A0-9F3D-457C-B088-3A5042F75D52}") = "리스트 문제 104번", "리스트 문제 104번\리스트 문제 104번.pyproj", "{90893132-63FD-4014-BE14-02C65F8DBB47}"
EndProject
Global
	GlobalSection(SolutionConfigurationPlatforms) = preSolution
		Debug|Any CPU = Debug|Any CPU
		Release|Any CPU = Release|Any CPU
	EndGlobalSection
	GlobalSection(ProjectConfigurationPlatforms) = postSolution
		{90893132-63FD-4014-BE14-02C65F8DBB47}.Debug|Any CPU.ActiveCfg = Debug|Any CPU
		{90893132-63FD-4014-BE14-02C65F8DBB47}.Release|Any CPU.ActiveCfg = Release|Any CPU
	EndGlobalSection
	GlobalSection(SolutionProperties) = preSolution
		HideSolutionNode = FALSE
	EndGlobalSection
	GlobalSection(ExtensibilityGlobals) = postSolution
		SolutionGuid = {BD4EF6DE-C436-4733-98A2-2E884A71E42D}
	EndGlobalSection
EndGlobal
